
Microsoft Visual Studio Solution File, Format Version 12.00
# Visual Studio Version 17
VisualStudioVersion = 17.6.33723.286
MinimumVisualStudioVersion = 10.0.40219.1
Project("{FAE04EC0-301F-11D3-BF4B-00C04F79EFBC}") = "VPLab5", "VPLab5\VPLab5.csproj", "{F90E74FC-FE50-4968-A56E-2F2F1F0F7393}"
EndProject
Global
	GlobalSection(SolutionConfigurationPlatforms) = preSolution
		Debug|Any CPU = Debug|Any CPU
		Release|Any CPU = Release|Any CPU
	EndGlobalSection
	GlobalSection(ProjectConfigurationPlatforms) = postSolution
		{F90E74FC-FE50-4968-A56E-2F2F1F0F7393}.Debug|Any CPU.ActiveCfg = Debug|Any CPU
		{F90E74FC-FE50-4968-A56E-2F2F1F0F7393}.Debug|Any CPU.Build.0 = Debug|Any CPU
		{F90E74FC-FE50-4968-A56E-2F2F1F0F7393}.Release|Any CPU.ActiveCfg = Release|Any CPU
		{F90E74FC-FE50-4968-A56E-2F2F1F0F7393}.Release|Any CPU.Build.0 = Release|Any CPU
	EndGlobalSection
	GlobalSection(SolutionProperties) = preSolution
		HideSolutionNode = FALSE
	EndGlobalSection
	GlobalSection(ExtensibilityGlobals) = postSolution
		SolutionGuid = {F5ACD658-2C34-49A3-AC37-3196D479D70A}
	EndGlobalSection
EndGlobal
